// !$*UTF8*$!
{
	archiveVersion = 1;
	classes = {
	};
	objectVersion = 52;
	objects = {

/* Begin PBXBuildFile section */
		4100826B26FB694200475B81 /* ShowViewController.swift in Sources */ = {isa = PBXBuildFile; fileRef = 4100826926FB694200475B81 /* ShowViewController.swift */; };
		4100826C26FB694200475B81 /* ShowViewController.xib in Resources */ = {isa = PBXBuildFile; fileRef = 4100826A26FB694200475B81 /* ShowViewController.xib */; };
		410DA0F426F9B9280009544C /* ProductTableViewCell.swift in Sources */ = {isa = PBXBuildFile; fileRef = 410DA0F226F9B9280009544C /* ProductTableViewCell.swift */; };
		410DA0F526F9B9280009544C /* ProductTableViewCell.xib in Resources */ = {isa = PBXBuildFile; fileRef = 410DA0F326F9B9280009544C /* ProductTableViewCell.xib */; };
		4148862726F874CB008FAAE9 /* ProductListViewController.swift in Sources */ = {isa = PBXBuildFile; fileRef = 4148862526F874CB008FAAE9 /* ProductListViewController.swift */; };
		4148862826F874CB008FAAE9 /* ProductListViewController.xib in Resources */ = {isa = PBXBuildFile; fileRef = 4148862626F874CB008FAAE9 /* ProductListViewController.xib */; };
		4152192B26F47186003F5ED8 /* AppDelegate.swift in Sources */ = {isa = PBXBuildFile; fileRef = 4152192A26F47186003F5ED8 /* AppDelegate.swift */; };
		4152192D26F47186003F5ED8 /* SceneDelegate.swift in Sources */ = {isa = PBXBuildFile; fileRef = 4152192C26F47186003F5ED8 /* SceneDelegate.swift */; };
		4152192F26F47186003F5ED8 /* ViewController.swift in Sources */ = {isa = PBXBuildFile; fileRef = 4152192E26F47186003F5ED8 /* ViewController.swift */; };
		4152193226F47186003F5ED8 /* Main.storyboard in Resources */ = {isa = PBXBuildFile; fileRef = 4152193026F47186003F5ED8 /* Main.storyboard */; };
		4152193426F47188003F5ED8 /* Assets.xcassets in Resources */ = {isa = PBXBuildFile; fileRef = 4152193326F47188003F5ED8 /* Assets.xcassets */; };
		4152193726F47188003F5ED8 /* LaunchScreen.storyboard in Resources */ = {isa = PBXBuildFile; fileRef = 4152193526F47188003F5ED8 /* LaunchScreen.storyboard */; };
		41F1EEA826F48BD8006973D2 /* Alamofire in Frameworks */ = {isa = PBXBuildFile; productRef = 41F1EEA726F48BD8006973D2 /* Alamofire */; };
		680A0E5B26F9EF1600E3BB6B /* ProductModelResponse.swift in Sources */ = {isa = PBXBuildFile; fileRef = 680A0E5A26F9EF1600E3BB6B /* ProductModelResponse.swift */; };
		6850CE1B26FB13CC005534A0 /* UIImageViewExt.swift in Sources */ = {isa = PBXBuildFile; fileRef = 6850CE1A26FB13CC005534A0 /* UIImageViewExt.swift */; };
/* End PBXBuildFile section */

/* Begin PBXFileReference section */
		4100826926FB694200475B81 /* ShowViewController.swift */ = {isa = PBXFileReference; lastKnownFileType = sourcecode.swift; path = ShowViewController.swift; sourceTree = "<group>"; };
		4100826A26FB694200475B81 /* ShowViewController.xib */ = {isa = PBXFileReference; lastKnownFileType = file.xib; path = ShowViewController.xib; sourceTree = "<group>"; };
		410DA0F226F9B9280009544C /* ProductTableViewCell.swift */ = {isa = PBXFileReference; lastKnownFileType = sourcecode.swift; path = ProductTableViewCell.swift; sourceTree = "<group>"; };
		410DA0F326F9B9280009544C /* ProductTableViewCell.xib */ = {isa = PBXFileReference; lastKnownFileType = file.xib; path = ProductTableViewCell.xib; sourceTree = "<group>"; };
		4148862526F874CB008FAAE9 /* ProductListViewController.swift */ = {isa = PBXFileReference; lastKnownFileType = sourcecode.swift; path = ProductListViewController.swift; sourceTree = "<group>"; };
		4148862626F874CB008FAAE9 /* ProductListViewController.xib */ = {isa = PBXFileReference; lastKnownFileType = file.xib; path = ProductListViewController.xib; sourceTree = "<group>"; };
		4152192726F47186003F5ED8 /* deneme.app */ = {isa = PBXFileReference; explicitFileType = wrapper.application; includeInIndex = 0; path = deneme.app; sourceTree = BUILT_PRODUCTS_DIR; };
		4152192A26F47186003F5ED8 /* AppDelegate.swift */ = {isa = PBXFileReference; lastKnownFileType = sourcecode.swift; path = AppDelegate.swift; sourceTree = "<group>"; };
		4152192C26F47186003F5ED8 /* SceneDelegate.swift */ = {isa = PBXFileReference; lastKnownFileType = sourcecode.swift; path = SceneDelegate.swift; sourceTree = "<group>"; };
		4152192E26F47186003F5ED8 /* ViewController.swift */ = {isa = PBXFileReference; lastKnownFileType = sourcecode.swift; path = ViewController.swift; sourceTree = "<group>"; };
		4152193126F47186003F5ED8 /* Base */ = {isa = PBXFileReference; lastKnownFileType = file.storyboard; name = Base; path = Base.lproj/Main.storyboard; sourceTree = "<group>"; };
		4152193326F47188003F5ED8 /* Assets.xcassets */ = {isa = PBXFileReference; lastKnownFileType = folder.assetcatalog; path = Assets.xcassets; sourceTree = "<group>"; };
		4152193626F47188003F5ED8 /* Base */ = {isa = PBXFileReference; lastKnownFileType = file.storyboard; name = Base; path = Base.lproj/LaunchScreen.storyboard; sourceTree = "<group>"; };
		4152193826F47188003F5ED8 /* Info.plist */ = {isa = PBXFileReference; lastKnownFileType = text.plist.xml; path = Info.plist; sourceTree = "<group>"; };
		680A0E5A26F9EF1600E3BB6B /* ProductModelResponse.swift */ = {isa = PBXFileReference; lastKnownFileType = sourcecode.swift; path = ProductModelResponse.swift; sourceTree = "<group>"; };
		6850CE1A26FB13CC005534A0 /* UIImageViewExt.swift */ = {isa = PBXFileReference; lastKnownFileType = sourcecode.swift; path = UIImageViewExt.swift; sourceTree = "<group>"; };
/* End PBXFileReference section */

/* Begin PBXFrameworksBuildPhase section */
		4152192426F47186003F5ED8 /* Frameworks */ = {
			isa = PBXFrameworksBuildPhase;
			buildActionMask = 2147483647;
			files = (
				41F1EEA826F48BD8006973D2 /* Alamofire in Frameworks */,
			);
			runOnlyForDeploymentPostprocessing = 0;
		};
/* End PBXFrameworksBuildPhase section */

/* Begin PBXGroup section */
		4100826426FB669400475B81 /* show */ = {
			isa = PBXGroup;
			children = (
				4100826926FB694200475B81 /* ShowViewController.swift */,
				4100826A26FB694200475B81 /* ShowViewController.xib */,
			);
			path = show;
			sourceTree = "<group>";
		};
		410DA0F626F9B92F0009544C /* Cell */ = {
			isa = PBXGroup;
			children = (
				410DA0F326F9B9280009544C /* ProductTableViewCell.xib */,
				410DA0F226F9B9280009544C /* ProductTableViewCell.swift */,
			);
			path = Cell;
			sourceTree = "<group>";
		};
		4148862226F8748F008FAAE9 /* Module */ = {
			isa = PBXGroup;
			children = (
				4100826426FB669400475B81 /* show */,
				4148862426F874B1008FAAE9 /* list */,
				4148862326F8749B008FAAE9 /* Login */,
			);
			path = Module;
			sourceTree = "<group>";
		};
		4148862326F8749B008FAAE9 /* Login */ = {
			isa = PBXGroup;
			children = (
				4152192E26F47186003F5ED8 /* ViewController.swift */,
				4152193026F47186003F5ED8 /* Main.storyboard */,
			);
			path = Login;
			sourceTree = "<group>";
		};
		4148862426F874B1008FAAE9 /* list */ = {
			isa = PBXGroup;
			children = (
				410DA0F626F9B92F0009544C /* Cell */,
				4148862626F874CB008FAAE9 /* ProductListViewController.xib */,
				4148862526F874CB008FAAE9 /* ProductListViewController.swift */,
			);
			path = list;
			sourceTree = "<group>";
		};
		4152191E26F47186003F5ED8 = {
			isa = PBXGroup;
			children = (
				4152192926F47186003F5ED8 /* deneme */,
				4152192826F47186003F5ED8 /* Products */,
			);
			sourceTree = "<group>";
		};
		4152192826F47186003F5ED8 /* Products */ = {
			isa = PBXGroup;
			children = (
				4152192726F47186003F5ED8 /* deneme.app */,
			);
			name = Products;
			sourceTree = "<group>";
		};
		4152192926F47186003F5ED8 /* deneme */ = {
			isa = PBXGroup;
			children = (
				6850CE1926FB13AD005534A0 /* Extensions */,
				680A0E5826F9EEF400E3BB6B /* Network */,
				4148862226F8748F008FAAE9 /* Module */,
				4152192A26F47186003F5ED8 /* AppDelegate.swift */,
				4152192C26F47186003F5ED8 /* SceneDelegate.swift */,
				4152193326F47188003F5ED8 /* Assets.xcassets */,
				4152193526F47188003F5ED8 /* LaunchScreen.storyboard */,
				4152193826F47188003F5ED8 /* Info.plist */,
			);
			path = deneme;
			sourceTree = "<group>";
		};
		680A0E5826F9EEF400E3BB6B /* Network */ = {
			isa = PBXGroup;
			children = (
				680A0E5926F9EEF900E3BB6B /* NetworkModels */,
			);
			path = Network;
			sourceTree = "<group>";
		};
		680A0E5926F9EEF900E3BB6B /* NetworkModels */ = {
			isa = PBXGroup;
			children = (
				680A0E5A26F9EF1600E3BB6B /* ProductModelResponse.swift */,
			);
			path = NetworkModels;
			sourceTree = "<group>";
		};
		6850CE1926FB13AD005534A0 /* Extensions */ = {
			isa = PBXGroup;
			children = (
				6850CE1A26FB13CC005534A0 /* UIImageViewExt.swift */,
			);
			path = Extensions;
			sourceTree = "<group>";
		};
/* End PBXGroup section */

/* Begin PBXNativeTarget section */
		4152192626F47186003F5ED8 /* deneme */ = {
			isa = PBXNativeTarget;
			buildConfigurationList = 4152193B26F47188003F5ED8 /* Build configuration list for PBXNativeTarget "deneme" */;
			buildPhases = (
				4152192326F47186003F5ED8 /* Sources */,
				4152192426F47186003F5ED8 /* Frameworks */,
				4152192526F47186003F5ED8 /* Resources */,
			);
			buildRules = (
			);
			dependencies = (
			);
			name = deneme;
			packageProductDependencies = (
				41F1EEA726F48BD8006973D2 /* Alamofire */,
			);
			productName = deneme;
			productReference = 4152192726F47186003F5ED8 /* deneme.app */;
			productType = "com.apple.product-type.application";
		};
/* End PBXNativeTarget section */

/* Begin PBXProject section */
		4152191F26F47186003F5ED8 /* Project object */ = {
			isa = PBXProject;
			attributes = {
				LastSwiftUpdateCheck = 1250;
				LastUpgradeCheck = 1250;
				TargetAttributes = {
					4152192626F47186003F5ED8 = {
						CreatedOnToolsVersion = 12.5.1;
					};
				};
			};
			buildConfigurationList = 4152192226F47186003F5ED8 /* Build configuration list for PBXProject "deneme" */;
			compatibilityVersion = "Xcode 9.3";
			developmentRegion = en;
			hasScannedForEncodings = 0;
			knownRegions = (
				en,
				Base,
			);
			mainGroup = 4152191E26F47186003F5ED8;
			packageReferences = (
				41F1EEA626F48BD8006973D2 /* XCRemoteSwiftPackageReference "Alamofire" */,
			);
			productRefGroup = 4152192826F47186003F5ED8 /* Products */;
			projectDirPath = "";
			projectRoot = "";
			targets = (
				4152192626F47186003F5ED8 /* deneme */,
			);
		};
/* End PBXProject section */

/* Begin PBXResourcesBuildPhase section */
		4152192526F47186003F5ED8 /* Resources */ = {
			isa = PBXResourcesBuildPhase;
			buildActionMask = 2147483647;
			files = (
				4152193726F47188003F5ED8 /* LaunchScreen.storyboard in Resources */,
				4100826C26FB694200475B81 /* ShowViewController.xib in Resources */,
				4152193426F47188003F5ED8 /* Assets.xcassets in Resources */,
				410DA0F526F9B9280009544C /* ProductTableViewCell.xib in Resources */,
				4148862826F874CB008FAAE9 /* ProductListViewController.xib in Resources */,
				4152193226F47186003F5ED8 /* Main.storyboard in Resources */,
			);
			runOnlyForDeploymentPostprocessing = 0;
		};
/* End PBXResourcesBuildPhase section */

/* Begin PBXSourcesBuildPhase section */
		4152192326F47186003F5ED8 /* Sources */ = {
			isa = PBXSourcesBuildPhase;
			buildActionMask = 2147483647;
			files = (
				680A0E5B26F9EF1600E3BB6B /* ProductModelResponse.swift in Sources */,
				4152192F26F47186003F5ED8 /* ViewController.swift in Sources */,
				6850CE1B26FB13CC005534A0 /* UIImageViewExt.swift in Sources */,
				4100826B26FB694200475B81 /* ShowViewController.swift in Sources */,
				4152192B26F47186003F5ED8 /* AppDelegate.swift in Sources */,
				4148862726F874CB008FAAE9 /* ProductListViewController.swift in Sources */,
				4152192D26F47186003F5ED8 /* SceneDelegate.swift in Sources */,
				410DA0F426F9B9280009544C /* ProductTableViewCell.swift in Sources */,
			);
			runOnlyForDeploymentPostprocessing = 0;
		};
/* End PBXSourcesBuildPhase section */

/* Begin PBXVariantGroup section */
		4152193026F47186003F5ED8 /* Main.storyboard */ = {
			isa = PBXVariantGroup;
			children = (
				4152193126F47186003F5ED8 /* Base */,
			);
			name = Main.storyboard;
			sourceTree = "<group>";
		};
		4152193526F47188003F5ED8 /* LaunchScreen.storyboard */ = {
			isa = PBXVariantGroup;
			children = (
				4152193626F47188003F5ED8 /* Base */,
			);
			name = LaunchScreen.storyboard;
			sourceTree = "<group>";
		};
/* End PBXVariantGroup section */

/* Begin XCBuildConfiguration section */
		4152193926F47188003F5ED8 /* Debug */ = {
			isa = XCBuildConfiguration;
			buildSettings = {
				ALWAYS_SEARCH_USER_PATHS = NO;
				CLANG_ANALYZER_NONNULL = YES;
				CLANG_ANALYZER_NUMBER_OBJECT_CONVERSION = YES_AGGRESSIVE;
				CLANG_CXX_LANGUAGE_STANDARD = "gnu++14";
				CLANG_CXX_LIBRARY = "libc++";
				CLANG_ENABLE_MODULES = YES;
				CLANG_ENABLE_OBJC_ARC = YES;
				CLANG_ENABLE_OBJC_WEAK = YES;
				CLANG_WARN_BLOCK_CAPTURE_AUTORELEASING = YES;
				CLANG_WARN_BOOL_CONVERSION = YES;
				CLANG_WARN_COMMA = YES;
				CLANG_WARN_CONSTANT_CONVERSION = YES;
				CLANG_WARN_DEPRECATED_OBJC_IMPLEMENTATIONS = YES;
				CLANG_WARN_DIRECT_OBJC_ISA_USAGE = YES_ERROR;
				CLANG_WARN_DOCUMENTATION_COMMENTS = YES;
				CLANG_WARN_EMPTY_BODY = YES;
				CLANG_WARN_ENUM_CONVERSION = YES;
				CLANG_WARN_INFINITE_RECURSION = YES;
				CLANG_WARN_INT_CONVERSION = YES;
				CLANG_WARN_NON_LITERAL_NULL_CONVERSION = YES;
				CLANG_WARN_OBJC_IMPLICIT_RETAIN_SELF = YES;
				CLANG_WARN_OBJC_LITERAL_CONVERSION = YES;
				CLANG_WARN_OBJC_ROOT_CLASS = YES_ERROR;
				CLANG_WARN_QUOTED_INCLUDE_IN_FRAMEWORK_HEADER = YES;
				CLANG_WARN_RANGE_LOOP_ANALYSIS = YES;
				CLANG_WARN_STRICT_PROTOTYPES = YES;
				CLANG_WARN_SUSPICIOUS_MOVE = YES;
				CLANG_WARN_UNGUARDED_AVAILABILITY = YES_AGGRESSIVE;
				CLANG_WARN_UNREACHABLE_CODE = YES;
				CLANG_WARN__DUPLICATE_METHOD_MATCH = YES;
				COPY_PHASE_STRIP = NO;
				DEBUG_INFORMATION_FORMAT = dwarf;
				ENABLE_STRICT_OBJC_MSGSEND = YES;
				ENABLE_TESTABILITY = YES;
				GCC_C_LANGUAGE_STANDARD = gnu11;
				GCC_DYNAMIC_NO_PIC = NO;
				GCC_NO_COMMON_BLOCKS = YES;
				GCC_OPTIMIZATION_LEVEL = 0;
				GCC_PREPROCESSOR_DEFINITIONS = (
					"DEBUG=1",
					"$(inherited)",
				);
				GCC_WARN_64_TO_32_BIT_CONVERSION = YES;
				GCC_WARN_ABOUT_RETURN_TYPE = YES_ERROR;
				GCC_WARN_UNDECLARED_SELECTOR = YES;
				GCC_WARN_UNINITIALIZED_AUTOS = YES_AGGRESSIVE;
				GCC_WARN_UNUSED_FUNCTION = YES;
				GCC_WARN_UNUSED_VARIABLE = YES;
				IPHONEOS_DEPLOYMENT_TARGET = 14.5;
				MTL_ENABLE_DEBUG_INFO = INCLUDE_SOURCE;
				MTL_FAST_MATH = YES;
				ONLY_ACTIVE_ARCH = YES;
				SDKROOT = iphoneos;
				SWIFT_ACTIVE_COMPILATION_CONDITIONS = DEBUG;
				SWIFT_OPTIMIZATION_LEVEL = "-Onone";
			};
			name = Debug;
		};
		4152193A26F47188003F5ED8 /* Release */ = {
			isa = XCBuildConfiguration;
			buildSettings = {
				ALWAYS_SEARCH_USER_PATHS = NO;
				CLANG_ANALYZER_NONNULL = YES;
				CLANG_ANALYZER_NUMBER_OBJECT_CONVERSION = YES_AGGRESSIVE;
				CLANG_CXX_LANGUAGE_STANDARD = "gnu++14";
				CLANG_CXX_LIBRARY = "libc++";
				CLANG_ENABLE_MODULES = YES;
				CLANG_ENABLE_OBJC_ARC = YES;
				CLANG_ENABLE_OBJC_WEAK = YES;
				CLANG_WARN_BLOCK_CAPTURE_AUTORELEASING = YES;
				CLANG_WARN_BOOL_CONVERSION = YES;
				CLANG_WARN_COMMA = YES;
				CLANG_WARN_CONSTANT_CONVERSION = YES;
				CLANG_WARN_DEPRECATED_OBJC_IMPLEMENTATIONS = YES;
				CLANG_WARN_DIRECT_OBJC_ISA_USAGE = YES_ERROR;
				CLANG_WARN_DOCUMENTATION_COMMENTS = YES;
				CLANG_WARN_EMPTY_BODY = YES;
				CLANG_WARN_ENUM_CONVERSION = YES;
				CLANG_WARN_INFINITE_RECURSION = YES;
				CLANG_WARN_INT_CONVERSION = YES;
				CLANG_WARN_NON_LITERAL_NULL_CONVERSION = YES;
				CLANG_WARN_OBJC_IMPLICIT_RETAIN_SELF = YES;
				CLANG_WARN_OBJC_LITERAL_CONVERSION = YES;
				CLANG_WARN_OBJC_ROOT_CLASS = YES_ERROR;
				CLANG_WARN_QUOTED_INCLUDE_IN_FRAMEWORK_HEADER = YES;
				CLANG_WARN_RANGE_LOOP_ANALYSIS = YES;
				CLANG_WARN_STRICT_PROTOTYPES = YES;
				CLANG_WARN_SUSPICIOUS_MOVE = YES;
				CLANG_WARN_UNGUARDED_AVAILABILITY = YES_AGGRESSIVE;
				CLANG_WARN_UNREACHABLE_CODE = YES;
				CLANG_WARN__DUPLICATE_METHOD_MATCH = YES;
				COPY_PHASE_STRIP = NO;
				DEBUG_INFORMATION_FORMAT = "dwarf-with-dsym";
				ENABLE_NS_ASSERTIONS = NO;
				ENABLE_STRICT_OBJC_MSGSEND = YES;
				GCC_C_LANGUAGE_STANDARD = gnu11;
				GCC_NO_COMMON_BLOCKS = YES;
				GCC_WARN_64_TO_32_BIT_CONVERSION = YES;
				GCC_WARN_ABOUT_RETURN_TYPE = YES_ERROR;
				GCC_WARN_UNDECLARED_SELECTOR = YES;
				GCC_WARN_UNINITIALIZED_AUTOS = YES_AGGRESSIVE;
				GCC_WARN_UNUSED_FUNCTION = YES;
				GCC_WARN_UNUSED_VARIABLE = YES;
				IPHONEOS_DEPLOYMENT_TARGET = 14.5;
				MTL_ENABLE_DEBUG_INFO = NO;
				MTL_FAST_MATH = YES;
				SDKROOT = iphoneos;
				SWIFT_COMPILATION_MODE = wholemodule;
				SWIFT_OPTIMIZATION_LEVEL = "-O";
				VALIDATE_PRODUCT = YES;
			};
			name = Release;
		};
		4152193C26F47188003F5ED8 /* Debug */ = {
			isa = XCBuildConfiguration;
			buildSettings = {
				ASSETCATALOG_COMPILER_APPICON_NAME = AppIcon;
				ASSETCATALOG_COMPILER_GLOBAL_ACCENT_COLOR_NAME = AccentColor;
				CODE_SIGN_STYLE = Automatic;
				INFOPLIST_FILE = deneme/Info.plist;
				LD_RUNPATH_SEARCH_PATHS = (
					"$(inherited)",
					"@executable_path/Frameworks",
				);
				PRODUCT_BUNDLE_IDENTIFIER = deneme.deneme;
				PRODUCT_NAME = "$(TARGET_NAME)";
				SWIFT_VERSION = 5.0;
				TARGETED_DEVICE_FAMILY = "1,2";
			};
			name = Debug;
		};
		4152193D26F47188003F5ED8 /* Release */ = {
			isa = XCBuildConfiguration;
			buildSettings = {
				ASSETCATALOG_COMPILER_APPICON_NAME = AppIcon;
				ASSETCATALOG_COMPILER_GLOBAL_ACCENT_COLOR_NAME = AccentColor;
				CODE_SIGN_STYLE = Automatic;
				INFOPLIST_FILE = deneme/Info.plist;
				LD_RUNPATH_SEARCH_PATHS = (
					"$(inherited)",
					"@executable_path/Frameworks",
				);
				PRODUCT_BUNDLE_IDENTIFIER = deneme.deneme;
				PRODUCT_NAME = "$(TARGET_NAME)";
				SWIFT_VERSION = 5.0;
				TARGETED_DEVICE_FAMILY = "1,2";
			};
			name = Release;
		};
/* End XCBuildConfiguration section */

/* Begin XCConfigurationList section */
		4152192226F47186003F5ED8 /* Build configuration list for PBXProject "deneme" */ = {
			isa = XCConfigurationList;
			buildConfigurations = (
				4152193926F47188003F5ED8 /* Debug */,
				4152193A26F47188003F5ED8 /* Release */,
			);
			defaultConfigurationIsVisible = 0;
			defaultConfigurationName = Release;
		};
		4152193B26F47188003F5ED8 /* Build configuration list for PBXNativeTarget "deneme" */ = {
			isa = XCConfigurationList;
			buildConfigurations = (
				4152193C26F47188003F5ED8 /* Debug */,
				4152193D26F47188003F5ED8 /* Release */,
			);
			defaultConfigurationIsVisible = 0;
			defaultConfigurationName = Release;
		};
/* End XCConfigurationList section */

/* Begin XCRemoteSwiftPackageReference section */
		41F1EEA626F48BD8006973D2 /* XCRemoteSwiftPackageReference "Alamofire" */ = {
			isa = XCRemoteSwiftPackageReference;
			repositoryURL = "https://github.com/Alamofire/Alamofire.git";
			requirement = {
				kind = upToNextMajorVersion;
				minimumVersion = 5.4.3;
			};
		};
/* End XCRemoteSwiftPackageReference section */

/* Begin XCSwiftPackageProductDependency section */
		41F1EEA726F48BD8006973D2 /* Alamofire */ = {
			isa = XCSwiftPackageProductDependency;
			package = 41F1EEA626F48BD8006973D2 /* XCRemoteSwiftPackageReference "Alamofire" */;
			productName = Alamofire;
		};
/* End XCSwiftPackageProductDependency section */
	};
	rootObject = 4152191F26F47186003F5ED8 /* Project object */;
}
